
Microsoft Visual Studio Solution File, Format Version 12.00
# Visual Studio Version 16
VisualStudioVersion = 16.0.32228.343
MinimumVisualStudioVersion = 10.0.40219.1
Project("{FAE04EC0-301F-11D3-BF4B-00C04F79EFBC}") = "TopStoriesWebApi", "TopStoriesWebApi\TopStoriesWebApi.csproj", "{B7EE1C3C-46ED-4836-B1E5-50B8B3A07FF1}"
EndProject
Project("{FAE04EC0-301F-11D3-BF4B-00C04F79EFBC}") = "topstory.service", "topstory.service\topstory.service.csproj", "{FFCBC6C6-B194-4941-806B-6284369C2679}"
EndProject
Project("{FAE04EC0-301F-11D3-BF4B-00C04F79EFBC}") = "topstory.Test1", "topstory.Test1\topstory.Test1.csproj", "{B05AE28E-6529-4971-AE03-6116060F1C54}"
EndProject
Global
	GlobalSection(SolutionConfigurationPlatforms) = preSolution
		Debug|Any CPU = Debug|Any CPU
		Release|Any CPU = Release|Any CPU
	EndGlobalSection
	GlobalSection(ProjectConfigurationPlatforms) = postSolution
		{B7EE1C3C-46ED-4836-B1E5-50B8B3A07FF1}.Debug|Any CPU.ActiveCfg = Debug|Any CPU
		{B7EE1C3C-46ED-4836-B1E5-50B8B3A07FF1}.Debug|Any CPU.Build.0 = Debug|Any CPU
		{B7EE1C3C-46ED-4836-B1E5-50B8B3A07FF1}.Release|Any CPU.ActiveCfg = Release|Any CPU
		{B7EE1C3C-46ED-4836-B1E5-50B8B3A07FF1}.Release|Any CPU.Build.0 = Release|Any CPU
		{FFCBC6C6-B194-4941-806B-6284369C2679}.Debug|Any CPU.ActiveCfg = Debug|Any CPU
		{FFCBC6C6-B194-4941-806B-6284369C2679}.Debug|Any CPU.Build.0 = Debug|Any CPU
		{FFCBC6C6-B194-4941-806B-6284369C2679}.Release|Any CPU.ActiveCfg = Release|Any CPU
		{FFCBC6C6-B194-4941-806B-6284369C2679}.Release|Any CPU.Build.0 = Release|Any CPU
		{B05AE28E-6529-4971-AE03-6116060F1C54}.Debug|Any CPU.ActiveCfg = Debug|Any CPU
		{B05AE28E-6529-4971-AE03-6116060F1C54}.Debug|Any CPU.Build.0 = Debug|Any CPU
		{B05AE28E-6529-4971-AE03-6116060F1C54}.Release|Any CPU.ActiveCfg = Release|Any CPU
		{B05AE28E-6529-4971-AE03-6116060F1C54}.Release|Any CPU.Build.0 = Release|Any CPU
	EndGlobalSection
	GlobalSection(SolutionProperties) = preSolution
		HideSolutionNode = FALSE
	EndGlobalSection
	GlobalSection(ExtensibilityGlobals) = postSolution
		SolutionGuid = {BE997900-ABA6-4362-A794-E04B70D62E42}
	EndGlobalSection
EndGlobal
